<?xml version="1.0" encoding="utf-8"?>
<Project ToolsVersion="4.0" xmlns="http://schemas.microsoft.com/developer/msbuild/2003">
  <ItemGroup>
    <FxCompile Include="Resources\Shaders\BloomPS.hlsl" />
    <FxCompile Include="Resources\Shaders\BloomVS.hlsl" />
    <FxCompile Include="Resources\Shaders\GaussianPS.hlsl" />
    <FxCompile Include="Resources\Shaders\GaussianVS.hlsl" />
    <FxCompile Include="Resources\Shaders\HighLumiPS.hlsl" />
    <FxCompile Include="Resources\Shaders\HighLumiVS.hlsl" />
    <FxCompile Include="Resources\Shaders\Instancing3DPS.hlsl" />
    <FxCompile Include="Resources\Shaders\Instancing3DVS.hlsl" />
    <FxCompile Include="Resources\Shaders\Line3DPS.hlsl" />
    <FxCompile Include="Resources\Shaders\Line3DVS.hlsl" />
    <FxCompile Include="Resources\Shaders\Object3DPS.hlsl" />
    <FxCompile Include="Resources\Shaders\Object3DVS.hlsl" />
    <FxCompile Include="Resources\Shaders\Particle2DGS.hlsl" />
    <FxCompile Include="Resources\Shaders\Particle2DPS.hlsl" />
    <FxCompile Include="Resources\Shaders\Particle2DVS.hlsl" />
    <FxCompile Include="Resources\Shaders\ParticleGS.hlsl" />
    <FxCompile Include="Resources\Shaders\ParticlePS.hlsl" />
    <FxCompile Include="Resources\Shaders\ParticleVS.hlsl" />
    <FxCompile Include="Resources\Shaders\PostEffectTestPS.hlsl" />
    <FxCompile Include="Resources\Shaders\PostEffectTestVS.hlsl" />
    <FxCompile Include="Resources\Shaders\SpritePS.hlsl" />
    <FxCompile Include="Resources\Shaders\SpriteVS.hlsl" />
    <FxCompile Include="Resources\Shaders\ToonPS.hlsl" />
    <FxCompile Include="Resources\Shaders\ToonVS.hlsl" />
  </ItemGroup>
  <ItemGroup>
    <ClCompile Include="Application\Collision\ColliderTag.cpp" />
    <ClCompile Include="Application\Collision\CollisionChecker.cpp" />
    <ClCompile Include="Application\Easing\AppEasing.cpp" />
    <ClCompile Include="Application\Enemy\EnemyManager.cpp" />
    <ClCompile Include="Application\Enemy\Boss\Boss.cpp" />
    <ClCompile Include="Application\Enemy\Boss\BossCol.cpp" />
    <ClCompile Include="Engine\Collision\CollisionManager3D.cpp" />
    <ClCompile Include="Engine\Scene\BaseScene.cpp" />
    <ClCompile Include="Engine\Util\Buffer.cpp" />
    <ClCompile Include="Engine\Collision\AABBCollider.cpp" />
    <ClCompile Include="Engine\Util\Easing.cpp" />
    <ClCompile Include="Engine\Collision\CircleCollider.cpp" />
    <ClCompile Include="Engine\Collision\BoxCollider.cpp" />
    <ClCompile Include="Engine\Collision\CollisionManager2D.cpp" />
    <ClCompile Include="Engine\Collision\Collision.cpp" />
    <ClCompile Include="Engine\Collision\CollisionPrimitive.cpp" />
    <ClCompile Include="Engine\Collision\CollisionManager.cpp" />
    <ClCompile Include="Engine\3d\Camera.cpp" />
    <ClCompile Include="Engine\Base\DX12Cmd.cpp" />
    <ClCompile Include="Engine\Util\Math\float4.cpp" />
    <ClCompile Include="Engine\Input\Key.cpp" />
    <ClCompile Include="Engine\Light\LightGroup.cpp" />
    <ClCompile Include="Engine\Util\Math\Matrix4.cpp" />
    <ClCompile Include="Engine\3d\Model.cpp" />
    <ClCompile Include="Engine\Input\Mouse.cpp" />
    <ClCompile Include="Engine\3d\Object3D.cpp" />
    <ClCompile Include="Engine\Base\PipelineManager.cpp" />
    <ClCompile Include="Engine\Base\PipelineObj.cpp" />
    <ClCompile Include="Engine\2d\PostEffect.cpp" />
    <ClCompile Include="Engine\2d\Sprite.cpp" />
    <ClCompile Include="Engine\Base\Texture.cpp" />
    <ClCompile Include="Engine\Util\TimeManager.cpp" />
    <ClCompile Include="Engine\Util\Util.cpp" />
    <ClCompile Include="Engine\Util\Math\Vector2.cpp" />
    <ClCompile Include="Engine\Util\Math\Vector3.cpp" />
    <ClCompile Include="Engine\Base\WinAPI.cpp" />
    <ClCompile Include="Engine\Util\ImGuiManager.cpp" />
    <ClCompile Include="Application\Scene\GameScene.cpp" />
    <ClCompile Include="Engine\3d\Line3D.cpp" />
    <ClCompile Include="Engine\Base\Instancing3D.cpp" />
    <ClCompile Include="Engine\Scene\IScene.cpp" />
    <ClCompile Include="Application\Collision\ICollider.cpp" />
    <ClCompile Include="Application\Player\Gravity.cpp" />
    <ClCompile Include="Application\Player\Behavior\IPlayerBehavior.cpp" />
    <ClCompile Include="main.cpp" />
    <ClCompile Include="Engine\3d\Mesh.cpp" />
    <ClCompile Include="Engine\3d\Material.cpp" />
    <ClCompile Include="Engine\Sound\Sound.cpp" />
    <ClCompile Include="Engine\3d\ParticleEmitter.cpp" />
    <ClCompile Include="Engine\Collision\MeshCollider.cpp" />
    <ClCompile Include="Engine\Collision\RayCollider.cpp" />
    <ClCompile Include="Engine\Collision\SphereCollider.cpp" />
    <ClCompile Include="Engine\Collision\PointCollider.cpp" />
    <ClCompile Include="Engine\Input\Pad.cpp" />
    <ClCompile Include="Engine\Util\Math\Quaternion.cpp" />
    <ClCompile Include="Application\Scene\TitleScene.cpp" />
    <ClCompile Include="Application\Scene\TransitionScene.cpp" />
    <ClCompile Include="Engine\Scene\SceneManager.cpp" />
    <ClCompile Include="Engine\2d\ParticleManager2D.cpp" />
    <ClCompile Include="Engine\2d\ParticleEmitter2D.cpp" />
    <ClCompile Include="Application\Scene\TestScene.cpp" />
    <ClCompile Include="Application\Collision\M_CircleCollider.cpp" />
    <ClCompile Include="Application\Collision\M_ColliderManager.cpp" />
    <ClCompile Include="Application\Collision\M_RectCollider.cpp" />
    <ClCompile Include="Application\Player\Player.cpp" />
    <ClCompile Include="Application\Player\Behavior\PlayerBehaviorFactory.cpp" />
    <ClCompile Include="Application\Player\Behavior\PlayerBehaviorMachine.cpp" />
    <ClCompile Include="Application\Player\Behavior\PlayerBehavior_Attack.cpp" />
    <ClCompile Include="Application\Player\Behavior\PlayerBehavior_Idle.cpp" />
    <ClCompile Include="Application\Player\Behavior\PlayerBehavior_Jump.cpp" />
    <ClCompile Include="Application\Player\Behavior\PlayerBehavior_Move.cpp" />
    <ClCompile Include="Application\Player\PlayerCommonInfomation.cpp" />
    <ClCompile Include="Application\Enemy\SubBoss\SubBoss.cpp" />
    <ClCompile Include="Move.cpp" />
    <ClCompile Include="Application\Enemy\SubBoss\SubBossInfo.cpp" />
    <ClCompile Include="Engine\Util\Shake.cpp" />
    <ClCompile Include="Application\Enemy\Minion\BaseMinion.cpp" />
    <ClCompile Include="Application\Enemy\Minion\MinionLeader.cpp" />
    <ClCompile Include="Application\Enemy\Minion\MinionFollower.cpp" />
    <ClCompile Include="Application\Enemy\Minion\MinionFactory.cpp" />
    <ClCompile Include="Application\Collision\ColliderTag.cpp" />
    <ClCompile Include="Application\Collision\CollisionChecker.cpp" />
    <ClCompile Include="Application\Easing\AppEasing.cpp" />
    <ClCompile Include="Application\Enemy\EnemyManager.cpp" />
    <ClCompile Include="Application\Enemy\Boss\Boss.cpp" />
    <ClCompile Include="Application\Enemy\Boss\BossCol.cpp" />
    <ClCompile Include="Application\Player\Behavior\PlayerBehavior_Special.cpp" />
    <ClCompile Include="Engine\Collision\CollisionManager3D.cpp" />
    <ClCompile Include="Engine\Scene\BaseScene.cpp" />
    <ClCompile Include="Engine\Util\Buffer.cpp" />
    <ClCompile Include="Engine\Collision\AABBCollider.cpp" />
    <ClCompile Include="Engine\Util\Easing.cpp" />
    <ClCompile Include="Engine\Collision\CircleCollider.cpp" />
    <ClCompile Include="Engine\Collision\BoxCollider.cpp" />
    <ClCompile Include="Engine\Collision\CollisionManager2D.cpp" />
    <ClCompile Include="Engine\Collision\Collision.cpp" />
    <ClCompile Include="Engine\Collision\CollisionPrimitive.cpp" />
    <ClCompile Include="Engine\Collision\CollisionManager.cpp" />
    <ClCompile Include="Engine\3d\Camera.cpp" />
    <ClCompile Include="Engine\Base\DX12Cmd.cpp" />
    <ClCompile Include="Engine\Util\Math\float4.cpp" />
    <ClCompile Include="Engine\Input\Key.cpp" />
    <ClCompile Include="Engine\Light\LightGroup.cpp" />
    <ClCompile Include="Engine\Util\Math\Matrix4.cpp" />
    <ClCompile Include="Engine\3d\Model.cpp" />
    <ClCompile Include="Engine\Input\Mouse.cpp" />
    <ClCompile Include="Engine\3d\Object3D.cpp" />
    <ClCompile Include="Engine\Base\PipelineManager.cpp" />
    <ClCompile Include="Engine\Base\PipelineObj.cpp" />
    <ClCompile Include="Engine\2d\PostEffect.cpp" />
    <ClCompile Include="Engine\2d\Sprite.cpp" />
    <ClCompile Include="Engine\Base\Texture.cpp" />
    <ClCompile Include="Engine\Util\TimeManager.cpp" />
    <ClCompile Include="Engine\Util\Util.cpp" />
    <ClCompile Include="Engine\Util\Math\Vector2.cpp" />
    <ClCompile Include="Engine\Util\Math\Vector3.cpp" />
    <ClCompile Include="Engine\Base\WinAPI.cpp" />
    <ClCompile Include="Engine\Util\ImGuiManager.cpp" />
    <ClCompile Include="Application\Scene\GameScene.cpp" />
    <ClCompile Include="Engine\3d\Line3D.cpp" />
    <ClCompile Include="Engine\Base\Instancing3D.cpp" />
    <ClCompile Include="Engine\Scene\IScene.cpp" />
    <ClCompile Include="Application\Collision\ICollider.cpp" />
    <ClCompile Include="Application\Player\Gravity.cpp" />
    <ClCompile Include="Application\Player\Behavior\IPlayerBehavior.cpp" />
    <ClCompile Include="main.cpp" />
    <ClCompile Include="Engine\3d\Mesh.cpp" />
    <ClCompile Include="Engine\3d\Material.cpp" />
    <ClCompile Include="Engine\Sound\Sound.cpp" />
    <ClCompile Include="Engine\3d\ParticleEmitter.cpp" />
    <ClCompile Include="Engine\Collision\MeshCollider.cpp" />
    <ClCompile Include="Engine\Collision\RayCollider.cpp" />
    <ClCompile Include="Engine\Collision\SphereCollider.cpp" />
    <ClCompile Include="Engine\Collision\PointCollider.cpp" />
    <ClCompile Include="Engine\Input\Pad.cpp" />
    <ClCompile Include="Engine\Util\Math\Quaternion.cpp" />
    <ClCompile Include="Application\Scene\TitleScene.cpp" />
    <ClCompile Include="Application\Scene\TransitionScene.cpp" />
    <ClCompile Include="Engine\Scene\SceneManager.cpp" />
    <ClCompile Include="Engine\2d\ParticleManager2D.cpp" />
    <ClCompile Include="Engine\2d\ParticleEmitter2D.cpp" />
    <ClCompile Include="Application\Scene\TestScene.cpp" />
    <ClCompile Include="Application\Collision\M_CircleCollider.cpp" />
    <ClCompile Include="Application\Collision\M_ColliderManager.cpp" />
    <ClCompile Include="Application\Collision\M_RectCollider.cpp" />
    <ClCompile Include="Application\Player\Player.cpp" />
    <ClCompile Include="Application\Player\Behavior\PlayerBehaviorFactory.cpp" />
    <ClCompile Include="Application\Player\Behavior\PlayerBehaviorMachine.cpp" />
    <ClCompile Include="Application\Player\Behavior\PlayerBehavior_Attack.cpp" />
    <ClCompile Include="Application\Player\Behavior\PlayerBehavior_Idle.cpp" />
    <ClCompile Include="Application\Player\Behavior\PlayerBehavior_Jump.cpp" />
    <ClCompile Include="Application\Player\Behavior\PlayerBehavior_Move.cpp" />
    <ClCompile Include="Application\Player\PlayerCommonInfomation.cpp" />
    <ClCompile Include="Application\Enemy\SubBoss\SubBoss.cpp" />
    <ClCompile Include="Move.cpp" />
    <ClCompile Include="Application\Enemy\SubBoss\SubBossInfo.cpp" />
    <ClCompile Include="Engine\Util\Shake.cpp" />
    <ClCompile Include="Application\Enemy\SubBoss\MoveTypes\SubBossMoveState.cpp" />
    <ClCompile Include="Application\Enemy\SubBoss\MoveTypes\DescentDive.cpp" />
    <ClCompile Include="Application\Enemy\SubBoss\MoveTypes\StartIntro.cpp" />
    <ClCompile Include="ParticleMan.cpp" />
    <ClCompile Include="Application\Effect\SmokeEffect.cpp" />
    <ClCompile Include="SmokeParticle.cpp" />
    <ClCompile Include="Application\Effect\Trajectory.cpp" />
    <ClCompile Include="Application\Enemy\SubBoss\MoveTypes\EndGameOutro.cpp" />
    <ClCompile Include="Application\Scene\GameOverScene.cpp" />
    <ClCompile Include="Application\Scene\GameClearScene.cpp" />
  </ItemGroup>
  <ItemGroup>
    <ClInclude Include="Application\Collision\ColliderShape.h" />
    <ClInclude Include="Application\Collision\ColliderTag.h" />
    <ClInclude Include="Application\Collision\CollisionChecker.h" />
    <ClInclude Include="Application\Easing\AppEasing.h" />
    <ClInclude Include="Application\Enemy\EnemyManager.h" />
    <ClInclude Include="Application\Enemy\Boss\Boss.h" />
    <ClInclude Include="Application\Enemy\EnemyStatus.h" />
    <ClInclude Include="Application\Enemy\Boss\BossCol.h" />
    <ClInclude Include="Direction.h" />
    <ClInclude Include="Engine\Collision\CollisionManager3D.h" />
    <ClInclude Include="Engine\Scene\BaseScene.h" />
    <ClInclude Include="Engine\Util\BasicTask.h" />
    <ClInclude Include="Engine\Util\Buffer.h" />
    <ClInclude Include="Engine\Collision\AABBCollider.h" />
    <ClInclude Include="Engine\Util\Easing.h" />
    <ClInclude Include="Engine\Collision\CircleCollider.h" />
    <ClInclude Include="Engine\Collision\BoxCollider.h" />
    <ClInclude Include="Engine\Collision\BaseCollider2D.h" />
    <ClInclude Include="Engine\Collision\CollisionManager2D.h" />
    <ClInclude Include="Engine\Collision\Collision.h" />
    <ClInclude Include="Engine\Collision\CollisionPrimitive.h" />
    <ClInclude Include="Engine\Collision\CollisionManager.h" />
    <ClInclude Include="Engine\3d\Camera.h" />
    <ClInclude Include="Engine\Collision\BaseCollider.h" />
    <ClInclude Include="Engine\Collision\CollisionAttribute.h" />
    <ClInclude Include="Engine\Collision\CollisionShapeType.h" />
    <ClInclude Include="Engine\Light\CircleShadow.h" />
    <ClInclude Include="Engine\Light\DirectionalLight.h" />
    <ClInclude Include="Engine\Base\DX12Cmd.h" />
    <ClInclude Include="Engine\Util\Math\float4.h" />
    <ClInclude Include="Engine\Util\Math\fMath.h" />
    <ClInclude Include="Engine\Input\Key.h" />
    <ClInclude Include="Engine\Light\LightGroup.h" />
    <ClInclude Include="Engine\Util\Math\Matrix4.h" />
    <ClInclude Include="Engine\3d\Model.h" />
    <ClInclude Include="Engine\Input\Mouse.h" />
    <ClInclude Include="Engine\3d\Object3D.h" />
    <ClInclude Include="Engine\Base\PipelineManager.h" />
    <ClInclude Include="Engine\Base\PipelineObj.h" />
    <ClInclude Include="Engine\Light\PointLight.h" />
    <ClInclude Include="Engine\2d\PostEffect.h" />
    <ClInclude Include="Engine\Light\SpotLight.h" />
    <ClInclude Include="Engine\2d\Sprite.h" />
    <ClInclude Include="Engine\Base\Texture.h" />
    <ClInclude Include="Engine\Util\TimeManager.h" />
    <ClInclude Include="Engine\Util\Util.h" />
    <ClInclude Include="Engine\Util\Math\Vector2.h" />
    <ClInclude Include="Engine\Util\Math\Vector3.h" />
    <ClInclude Include="Engine\Base\WinAPI.h" />
    <ClInclude Include="Engine\3d\Mesh.h" />
    <ClInclude Include="Engine\3d\Material.h" />
    <ClInclude Include="Engine\Sound\Sound.h" />
    <ClInclude Include="Engine\3d\ParticleEmitter.h" />
    <ClInclude Include="Engine\Util\ImGuiManager.h" />
    <ClInclude Include="Engine\Collision\MeshCollider.h" />
    <ClInclude Include="Engine\Collision\RayCollider.h" />
    <ClInclude Include="Engine\Collision\SphereCollider.h" />
    <ClInclude Include="Engine\Collision\PointCollider.h" />
    <ClInclude Include="Engine\Input\Pad.h" />
    <ClInclude Include="Engine\Util\Math\Quaternion.h" />
    <ClInclude Include="Application\Scene\TitleScene.h" />
    <ClInclude Include="Application\Scene\GameScene.h" />
    <ClInclude Include="Application\Scene\TransitionScene.h" />
    <ClInclude Include="Engine\3d\Line3D.h" />
    <ClInclude Include="Engine\Base\Instancing3D.h" />
    <ClInclude Include="Engine\Scene\SceneManager.h" />
    <ClInclude Include="Engine\Scene\IScene.h" />
    <ClInclude Include="Engine\2d\ParticleManager2D.h" />
    <ClInclude Include="Engine\2d\ParticleEmitter2D.h" />
    <ClInclude Include="Application\Scene\TestScene.h" />
    <ClInclude Include="Application\Collision\ICollider.h" />
    <ClInclude Include="Application\Collision\M_CircleCollider.h" />
    <ClInclude Include="Application\Collision\M_ColliderManager.h" />
    <ClInclude Include="Application\Collision\M_RectCollider.h" />
    <ClInclude Include="Application\Player\Gravity.h" />
    <ClInclude Include="Application\Player\Behavior\IPlayerBehavior.h" />
    <ClInclude Include="Application\Player\Player.h" />
    <ClInclude Include="Application\Player\Behavior\PlayerBehaviorFactory.h" />
    <ClInclude Include="Application\Player\Behavior\PlayerBehaviorMachine.h" />
    <ClInclude Include="Application\Player\Behavior\PlayerBehavior_Attack.h" />
    <ClInclude Include="Application\Player\Behavior\PlayerBehavior_Idle.h" />
    <ClInclude Include="Application\Player\Behavior\PlayerBehavior_Jump.h" />
    <ClInclude Include="Application\Player\Behavior\PlayerBehavior_Move.h" />
    <ClInclude Include="Application\Player\PlayerCommonInfomation.h" />
    <ClInclude Include="Application\Enemy\SubBoss\SubBoss.h" />
    <ClInclude Include="Move.h" />
    <ClInclude Include="Application\Enemy\SubBoss\SubBossInfo.h" />
    <ClInclude Include="Engine\Util\Shake.h" />
    <ClInclude Include="Application\Enemy\Minion\BaseMinion.h" />
    <ClInclude Include="Application\Enemy\Minion\MinionLeader.h" />
    <ClInclude Include="Application\Enemy\Minion\MinionFollower.h" />
    <ClInclude Include="Application\Enemy\Minion\MinionFactory.h" />
    <ClInclude Include="Engine\Base\WinAPI.h">
      <Filter>Engine\ヘッダー ファイル\Base</Filter>
    </ClInclude>
    <ClInclude Include="Engine\Base\DX12Cmd.h">
      <Filter>Engine\ヘッダー ファイル\Base</Filter>
    </ClInclude>
    <ClInclude Include="Engine\Base\Texture.h">
      <Filter>Engine\ヘッダー ファイル\Base</Filter>
    </ClInclude>
    <ClInclude Include="Engine\2d\Sprite.h">
      <Filter>Engine\ヘッダー ファイル\2D</Filter>
    </ClInclude>
    <ClInclude Include="Engine\3d\Camera.h">
      <Filter>Engine\ヘッダー ファイル\3D</Filter>
    </ClInclude>
    <ClInclude Include="Engine\Util\Util.h">
      <Filter>Engine\ヘッダー ファイル\Util</Filter>
    </ClInclude>
    <ClInclude Include="Engine\Input\Key.h">
      <Filter>Engine\ヘッダー ファイル\Input</Filter>
    </ClInclude>
    <ClInclude Include="Engine\3d\Object3D.h">
      <Filter>Engine\ヘッダー ファイル\3D</Filter>
    </ClInclude>
    <ClInclude Include="Engine\3d\Model.h">
      <Filter>Engine\ヘッダー ファイル\3D</Filter>
    </ClInclude>
    <ClInclude Include="Engine\Input\Mouse.h">
      <Filter>Engine\ヘッダー ファイル\Input</Filter>
    </ClInclude>
    <ClInclude Include="Engine\Util\Math\Vector2.h">
      <Filter>Engine\ヘッダー ファイル\Math</Filter>
    </ClInclude>
    <ClInclude Include="Engine\Util\Math\Vector3.h">
      <Filter>Engine\ヘッダー ファイル\Math</Filter>
    </ClInclude>
    <ClInclude Include="Engine\Util\Math\Matrix4.h">
      <Filter>Engine\ヘッダー ファイル\Math</Filter>
    </ClInclude>
    <ClInclude Include="Engine\Util\Math\fMath.h">
      <Filter>Engine\ヘッダー ファイル\Math</Filter>
    </ClInclude>
    <ClInclude Include="Engine\Light\LightGroup.h">
      <Filter>Engine\ヘッダー ファイル\Light</Filter>
    </ClInclude>
    <ClInclude Include="Engine\Light\PointLight.h">
      <Filter>Engine\ヘッダー ファイル\Light</Filter>
    </ClInclude>
    <ClInclude Include="Engine\Light\SpotLight.h">
      <Filter>Engine\ヘッダー ファイル\Light</Filter>
    </ClInclude>
    <ClInclude Include="Engine\Light\DirectionalLight.h">
      <Filter>Engine\ヘッダー ファイル\Light</Filter>
    </ClInclude>
    <ClInclude Include="Engine\Light\CircleShadow.h">
      <Filter>Engine\ヘッダー ファイル\Light</Filter>
    </ClInclude>
    <ClInclude Include="Engine\Util\Math\float4.h">
      <Filter>Engine\ヘッダー ファイル\Math</Filter>
    </ClInclude>
    <ClInclude Include="Engine\Base\PipelineManager.h">
      <Filter>Engine\ヘッダー ファイル\Base</Filter>
    </ClInclude>
    <ClInclude Include="Engine\Base\PipelineObj.h">
      <Filter>Engine\ヘッダー ファイル\Base</Filter>
    </ClInclude>
    <ClInclude Include="Engine\Collision\BaseCollider2D.h">
      <Filter>Engine\ヘッダー ファイル\Collision</Filter>
    </ClInclude>
    <ClInclude Include="Engine\Collision\BaseCollider.h">
      <Filter>Engine\ヘッダー ファイル\Collision</Filter>
    </ClInclude>
    <ClInclude Include="Engine\Collision\BoxCollider.h">
      <Filter>Engine\ヘッダー ファイル\Collision</Filter>
    </ClInclude>
    <ClInclude Include="Engine\Collision\CircleCollider.h">
      <Filter>Engine\ヘッダー ファイル\Collision</Filter>
    </ClInclude>
    <ClInclude Include="Engine\Collision\Collision.h">
      <Filter>Engine\ヘッダー ファイル\Collision</Filter>
    </ClInclude>
    <ClInclude Include="Engine\Collision\CollisionAttribute.h">
      <Filter>Engine\ヘッダー ファイル\Collision</Filter>
    </ClInclude>
    <ClInclude Include="Engine\Collision\CollisionManager.h">
      <Filter>Engine\ヘッダー ファイル\Collision</Filter>
    </ClInclude>
    <ClInclude Include="Engine\Collision\CollisionManager2D.h">
      <Filter>Engine\ヘッダー ファイル\Collision</Filter>
    </ClInclude>
    <ClInclude Include="Engine\Collision\CollisionPrimitive.h">
      <Filter>Engine\ヘッダー ファイル\Collision</Filter>
    </ClInclude>
    <ClInclude Include="Engine\Collision\CollisionShapeType.h">
      <Filter>Engine\ヘッダー ファイル\Collision</Filter>
    </ClInclude>
    <ClInclude Include="Engine\Util\Easing.h">
      <Filter>Engine\ヘッダー ファイル\Util</Filter>
    </ClInclude>
    <ClInclude Include="Application\Scene\GameScene.h">
      <Filter>Application\ヘッダーファイル\Scene</Filter>
    </ClInclude>
    <ClInclude Include="Engine\Util\ImGuiManager.h">
      <Filter>Engine\ヘッダー ファイル\Util</Filter>
    </ClInclude>
    <ClInclude Include="Engine\3d\Material.h">
      <Filter>Engine\ヘッダー ファイル\3D</Filter>
    </ClInclude>
    <ClInclude Include="Engine\3d\Mesh.h">
      <Filter>Engine\ヘッダー ファイル\3D</Filter>
    </ClInclude>
    <ClInclude Include="Engine\Collision\MeshCollider.h">
      <Filter>Engine\ヘッダー ファイル\Collision</Filter>
    </ClInclude>
    <ClInclude Include="Engine\Input\Pad.h">
      <Filter>Engine\ヘッダー ファイル\Input</Filter>
    </ClInclude>
    <ClInclude Include="Engine\3d\ParticleEmitter.h">
      <Filter>Engine\ヘッダー ファイル\3D</Filter>
    </ClInclude>
    <ClInclude Include="Engine\Collision\PointCollider.h">
      <Filter>Engine\ヘッダー ファイル\Collision</Filter>
    </ClInclude>
    <ClInclude Include="Engine\2d\PostEffect.h">
      <Filter>Engine\ヘッダー ファイル\2D</Filter>
    </ClInclude>
    <ClInclude Include="Engine\Util\Math\Quaternion.h">
      <Filter>Engine\ヘッダー ファイル\Math</Filter>
    </ClInclude>
    <ClInclude Include="Engine\Collision\RayCollider.h">
      <Filter>Engine\ヘッダー ファイル\Collision</Filter>
    </ClInclude>
    <ClInclude Include="Engine\Sound\Sound.h">
      <Filter>Engine\ヘッダー ファイル\Sound</Filter>
    </ClInclude>
    <ClInclude Include="Engine\Collision\SphereCollider.h">
      <Filter>Engine\ヘッダー ファイル\Collision</Filter>
    </ClInclude>
    <ClInclude Include="Application\Scene\TransitionScene.h">
      <Filter>Engine\ヘッダー ファイル\Scene</Filter>
    </ClInclude>
    <ClInclude Include="Application\Scene\TitleScene.h">
      <Filter>Engine\ヘッダー ファイル\Scene</Filter>
    </ClInclude>
    <ClInclude Include="Engine\3d\Line3D.h">
      <Filter>Engine\ヘッダー ファイル\3D</Filter>
    </ClInclude>
    <ClInclude Include="Engine\Collision\AABBCollider.h">
      <Filter>Engine\ヘッダー ファイル</Filter>
    </ClInclude>
    <ClInclude Include="Engine\Base\Instancing3D.h">
      <Filter>Engine\ヘッダー ファイル</Filter>
    </ClInclude>
    <ClInclude Include="Engine\Util\Buffer.h">
      <Filter>Engine\ヘッダー ファイル</Filter>
    </ClInclude>
    <ClInclude Include="Engine\Collision\CollisionManager3D.h">
      <Filter>Engine\ヘッダー ファイル</Filter>
    </ClInclude>
    <ClInclude Include="Engine\Util\BasicTask.h">
      <Filter>Engine\ヘッダー ファイル</Filter>
    </ClInclude>
    <ClInclude Include="Engine\Scene\BaseScene.h">
      <Filter>Engine\ヘッダー ファイル</Filter>
    </ClInclude>
    <ClInclude Include="Engine\Scene\IScene.h">
      <Filter>Engine\ヘッダー ファイル</Filter>
    </ClInclude>
    <ClInclude Include="Application\Collision\M_RectCollider.h">
      <Filter>Application\Collision</Filter>
    </ClInclude>
    <ClInclude Include="Application\Collision\M_CircleCollider.h">
      <Filter>Application\Collision</Filter>
    </ClInclude>
    <ClInclude Include="Application\Collision\M_ColliderManager.h">
      <Filter>Application\Collision</Filter>
    </ClInclude>
    <ClInclude Include="Application\Collision\ICollider.h">
      <Filter>Application\Collision</Filter>
    </ClInclude>
    <ClInclude Include="Application\Collision\CollisionChecker.h">
      <Filter>Application\Collision</Filter>
    </ClInclude>
    <ClInclude Include="Application\Collision\ColliderShape.h">
      <Filter>Application\Collision</Filter>
    </ClInclude>
    <ClInclude Include="Application\Collision\ColliderTag.h">
      <Filter>Application\Collision</Filter>
    </ClInclude>
    <ClInclude Include="Engine\Util\TimeManager.h">
      <Filter>Engine\ヘッダー ファイル</Filter>
    </ClInclude>
    <ClInclude Include="Engine\2d\ParticleManager2D.h">
      <Filter>Engine\ヘッダー ファイル</Filter>
    </ClInclude>
    <ClInclude Include="Engine\2d\ParticleEmitter2D.h">
      <Filter>Engine\ヘッダー ファイル</Filter>
    </ClInclude>
    <ClInclude Include="Application\Scene\TestScene.h">
      <Filter>Engine\ヘッダー ファイル</Filter>
    </ClInclude>
    <ClInclude Include="Engine\Scene\SceneManager.h">
      <Filter>Engine\ヘッダー ファイル</Filter>
    </ClInclude>
    <ClInclude Include="Application\Enemy\EnemyManager.h">
      <Filter>Engine\ヘッダー ファイル</Filter>
    </ClInclude>
    <ClInclude Include="Application\Enemy\Boss\Boss.h">
      <Filter>Engine\ヘッダー ファイル</Filter>
    </ClInclude>
    <ClInclude Include="Application\Enemy\SubBoss\SubBoss.h">
      <Filter>Engine\ヘッダー ファイル</Filter>
    </ClInclude>
    <ClInclude Include="Application\Enemy\EnemyStatus.h">
      <Filter>Engine\ヘッダー ファイル</Filter>
    </ClInclude>
    <ClInclude Include="Application\Player\Gravity.h">
      <Filter>Application\Player</Filter>
    </ClInclude>
    <ClInclude Include="Application\Player\PlayerCommonInfomation.h">
      <Filter>Application\Player</Filter>
    </ClInclude>
    <ClInclude Include="Application\Player\Player.h">
      <Filter>Application\Player</Filter>
    </ClInclude>
    <ClInclude Include="Application\Player\Behavior\IPlayerBehavior.h">
      <Filter>Application\Player\Behavior</Filter>
    </ClInclude>
    <ClInclude Include="Application\Player\Behavior\PlayerBehaviorMachine.h">
      <Filter>Application\Player\Behavior</Filter>
    </ClInclude>
    <ClInclude Include="Application\Player\Behavior\PlayerBehavior_Attack.h">
      <Filter>Application\Player\Behavior</Filter>
    </ClInclude>
    <ClInclude Include="Application\Player\Behavior\PlayerBehavior_Idle.h">
      <Filter>Application\Player\Behavior</Filter>
    </ClInclude>
    <ClInclude Include="Application\Player\Behavior\PlayerBehavior_Jump.h">
      <Filter>Application\Player\Behavior</Filter>
    </ClInclude>
    <ClInclude Include="Application\Player\Behavior\PlayerBehavior_Move.h">
      <Filter>Application\Player\Behavior</Filter>
    </ClInclude>
    <ClInclude Include="Application\Player\Behavior\PlayerBehaviorFactory.h">
      <Filter>Application\Player\Behavior</Filter>
    </ClInclude>
    <ClInclude Include="Direction.h">
      <Filter>Engine\ヘッダー ファイル</Filter>
    </ClInclude>
    <ClInclude Include="Application\Easing\AppEasing.h">
      <Filter>Engine\ヘッダー ファイル</Filter>
    </ClInclude>
    <ClInclude Include="Move.h">
      <Filter>Engine\ヘッダー ファイル</Filter>
    </ClInclude>
    <ClInclude Include="Application\Enemy\SubBoss\SubBossInfo.h">
      <Filter>Engine\ヘッダー ファイル</Filter>
    </ClInclude>
    <ClInclude Include="Application\Enemy\Boss\BossCol.h">
      <Filter>Engine\ヘッダー ファイル</Filter>
    </ClInclude>
    <ClInclude Include="Engine\Util\Shake.h">
      <Filter>Engine\ヘッダー ファイル</Filter>
    </ClInclude>
    <ClInclude Include="Application\Player\Behavior\PlayerBehavior_Special.h" />
    <ClInclude Include="Application\Enemy\SubBoss\MoveTypes\SubBossMoveState.h" />
    <ClInclude Include="Application\Enemy\SubBoss\MoveTypes\DescentDive.h" />
    <ClInclude Include="Application\Enemy\SubBoss\MoveTypes\StartIntro.h" />
    <ClInclude Include="Application\Player\Behavior\PlayerBehavior_Special.h" />
    <ClInclude Include="ParticleMan.h" />
    <ClInclude Include="Application\Effect\SmokeEffect.h" />
    <ClInclude Include="SmokeParticle.h" />
    <ClInclude Include="Application\Effect\Trajectory.h" />
    <ClInclude Include="Application\Enemy\SubBoss\MoveTypes\EndGameOutro.h" />
    <ClInclude Include="Application\Scene\GameOverScene.h" />
    <ClInclude Include="Application\Scene\GameClearScene.h" />
  </ItemGroup>
  <ItemGroup>
    <None Include="Resources\Shaders\Bloom.hlsli" />
    <None Include="Resources\Shaders\Gaussian.hlsli" />
    <None Include="Resources\Shaders\HighLumi.hlsli" />
    <None Include="Resources\Shaders\Instancing3D.hlsli" />
    <None Include="Resources\Shaders\Line3D.hlsli" />
    <None Include="Resources\Shaders\Object3D.hlsli" />
    <None Include="Resources\Shaders\Particle.hlsli" />
    <None Include="Resources\Shaders\Particle2D.hlsli" />
    <None Include="Resources\Shaders\PostEffectTest.hlsli" />
    <None Include="Resources\Shaders\Sprite.hlsli" />
    <None Include="Resources\Shaders\Toon.hlsli" />
  </ItemGroup>
</Project>